// !$*UTF8*$!
{
	archiveVersion = 1;
	classes = {
	};
	objectVersion = 56;
	objects = {

/* Begin PBXBuildFile section */
		155FD51A2B9E402600604788 /* ToDoListServiceTests.swift in Sources */ = {isa = PBXBuildFile; fileRef = 155FD5192B9E402600604788 /* ToDoListServiceTests.swift */; };
		155FD51B2B9E463800604788 /* ToDoListRepository.h in Headers */ = {isa = PBXBuildFile; fileRef = 15FEC3002B9C8C2E00BD8597 /* ToDoListRepository.h */; settings = {ATTRIBUTES = (Public, ); }; };
		155FD51C2B9E5AD300604788 /* ToDoListJSONDataSource.h in Headers */ = {isa = PBXBuildFile; fileRef = 15FEC3012B9C8DEE00BD8597 /* ToDoListJSONDataSource.h */; settings = {ATTRIBUTES = (Public, ); }; };
		15BCA73C2B974D71006A58C0 /* AppDelegate.swift in Sources */ = {isa = PBXBuildFile; fileRef = 15BCA73B2B974D71006A58C0 /* AppDelegate.swift */; };
		15BCA73E2B974D71006A58C0 /* SceneDelegate.swift in Sources */ = {isa = PBXBuildFile; fileRef = 15BCA73D2B974D71006A58C0 /* SceneDelegate.swift */; };
		15BCA7402B974D71006A58C0 /* ToDoListViewController.swift in Sources */ = {isa = PBXBuildFile; fileRef = 15BCA73F2B974D71006A58C0 /* ToDoListViewController.swift */; };
		15BCA7432B974D71006A58C0 /* Main.storyboard in Resources */ = {isa = PBXBuildFile; fileRef = 15BCA7412B974D71006A58C0 /* Main.storyboard */; };
		15BCA7452B974D73006A58C0 /* Assets.xcassets in Resources */ = {isa = PBXBuildFile; fileRef = 15BCA7442B974D73006A58C0 /* Assets.xcassets */; };
		15BCA7482B974D73006A58C0 /* LaunchScreen.storyboard in Resources */ = {isa = PBXBuildFile; fileRef = 15BCA7462B974D73006A58C0 /* LaunchScreen.storyboard */; };
		15BCA75C2B974DD7006A58C0 /* ToDoShared.framework in Frameworks */ = {isa = PBXBuildFile; fileRef = 15BCA7542B974DD7006A58C0 /* ToDoShared.framework */; };
		15BCA7642B974DD7006A58C0 /* ToDoShared.h in Headers */ = {isa = PBXBuildFile; fileRef = 15BCA7562B974DD7006A58C0 /* ToDoShared.h */; settings = {ATTRIBUTES = (Public, ); }; };
		15BCA7672B974DD7006A58C0 /* ToDoShared.framework in Frameworks */ = {isa = PBXBuildFile; fileRef = 15BCA7542B974DD7006A58C0 /* ToDoShared.framework */; };
		15BCA7682B974DD7006A58C0 /* ToDoShared.framework in Embed Frameworks */ = {isa = PBXBuildFile; fileRef = 15BCA7542B974DD7006A58C0 /* ToDoShared.framework */; settings = {ATTRIBUTES = (CodeSignOnCopy, RemoveHeadersOnCopy, ); }; };
		15BCA7712B97726F006A58C0 /* TreeNode.m in Sources */ = {isa = PBXBuildFile; fileRef = 15BCA7702B97726F006A58C0 /* TreeNode.m */; };
		15FEC2EC2B9781A600BD8597 /* ToDoListService.m in Sources */ = {isa = PBXBuildFile; fileRef = 15FEC2EB2B9781A600BD8597 /* ToDoListService.m */; };
		15FEC2F02B978E7B00BD8597 /* ToDoViewModel.swift in Sources */ = {isa = PBXBuildFile; fileRef = 15FEC2EF2B978E7B00BD8597 /* ToDoViewModel.swift */; };
		15FEC2F22B9792B500BD8597 /* ToDoListService.h in Headers */ = {isa = PBXBuildFile; fileRef = 15FEC2EE2B9782E300BD8597 /* ToDoListService.h */; settings = {ATTRIBUTES = (Public, ); }; };
		15FEC2F32B9792E700BD8597 /* TreeNode.h in Headers */ = {isa = PBXBuildFile; fileRef = 15FEC2ED2B97828E00BD8597 /* TreeNode.h */; settings = {ATTRIBUTES = (Public, ); }; };
		15FEC2F92B9799AD00BD8597 /* EditToDoItemViewController.swift in Sources */ = {isa = PBXBuildFile; fileRef = 15FEC2F82B9799AD00BD8597 /* EditToDoItemViewController.swift */; };
		15FEC2FB2B97C97E00BD8597 /* EditToDoItemViewModel.swift in Sources */ = {isa = PBXBuildFile; fileRef = 15FEC2FA2B97C97E00BD8597 /* EditToDoItemViewModel.swift */; };
		15FEC2FD2B98DFC500BD8597 /* ToDoListItemTableViewCell.swift in Sources */ = {isa = PBXBuildFile; fileRef = 15FEC2FC2B98DFC500BD8597 /* ToDoListItemTableViewCell.swift */; };
		15FEC2FF2B9C8C2000BD8597 /* ToDoListRepository.m in Sources */ = {isa = PBXBuildFile; fileRef = 15FEC2FE2B9C8C2000BD8597 /* ToDoListRepository.m */; };
		15FEC3032B9C8E3A00BD8597 /* ToDoListJSONDataSource.m in Sources */ = {isa = PBXBuildFile; fileRef = 15FEC3022B9C8E3A00BD8597 /* ToDoListJSONDataSource.m */; };
/* End PBXBuildFile section */

/* Begin PBXContainerItemProxy section */
		15BCA75D2B974DD7006A58C0 /* PBXContainerItemProxy */ = {
			isa = PBXContainerItemProxy;
			containerPortal = 15BCA7302B974D71006A58C0 /* Project object */;
			proxyType = 1;
			remoteGlobalIDString = 15BCA7532B974DD7006A58C0;
			remoteInfo = ToDoShared;
		};
		15BCA75F2B974DD7006A58C0 /* PBXContainerItemProxy */ = {
			isa = PBXContainerItemProxy;
			containerPortal = 15BCA7302B974D71006A58C0 /* Project object */;
			proxyType = 1;
			remoteGlobalIDString = 15BCA7372B974D71006A58C0;
			remoteInfo = ToDo;
		};
		15BCA7652B974DD7006A58C0 /* PBXContainerItemProxy */ = {
			isa = PBXContainerItemProxy;
			containerPortal = 15BCA7302B974D71006A58C0 /* Project object */;
			proxyType = 1;
			remoteGlobalIDString = 15BCA7532B974DD7006A58C0;
			remoteInfo = ToDoShared;
		};
/* End PBXContainerItemProxy section */

/* Begin PBXCopyFilesBuildPhase section */
		15BCA76C2B974DD7006A58C0 /* Embed Frameworks */ = {
			isa = PBXCopyFilesBuildPhase;
			buildActionMask = 2147483647;
			dstPath = "";
			dstSubfolderSpec = 10;
			files = (
				15BCA7682B974DD7006A58C0 /* ToDoShared.framework in Embed Frameworks */,
			);
			name = "Embed Frameworks";
			runOnlyForDeploymentPostprocessing = 0;
		};
/* End PBXCopyFilesBuildPhase section */

/* Begin PBXFileReference section */
		155FD5192B9E402600604788 /* ToDoListServiceTests.swift */ = {isa = PBXFileReference; lastKnownFileType = sourcecode.swift; path = ToDoListServiceTests.swift; sourceTree = "<group>"; };
		15BCA7382B974D71006A58C0 /* ToDo.app */ = {isa = PBXFileReference; explicitFileType = wrapper.application; includeInIndex = 0; path = ToDo.app; sourceTree = BUILT_PRODUCTS_DIR; };
		15BCA73B2B974D71006A58C0 /* AppDelegate.swift */ = {isa = PBXFileReference; lastKnownFileType = sourcecode.swift; path = AppDelegate.swift; sourceTree = "<group>"; };
		15BCA73D2B974D71006A58C0 /* SceneDelegate.swift */ = {isa = PBXFileReference; lastKnownFileType = sourcecode.swift; path = SceneDelegate.swift; sourceTree = "<group>"; };
		15BCA73F2B974D71006A58C0 /* ToDoListViewController.swift */ = {isa = PBXFileReference; lastKnownFileType = sourcecode.swift; path = ToDoListViewController.swift; sourceTree = "<group>"; };
		15BCA7422B974D71006A58C0 /* Base */ = {isa = PBXFileReference; lastKnownFileType = file.storyboard; name = Base; path = Base.lproj/Main.storyboard; sourceTree = "<group>"; };
		15BCA7442B974D73006A58C0 /* Assets.xcassets */ = {isa = PBXFileReference; lastKnownFileType = folder.assetcatalog; path = Assets.xcassets; sourceTree = "<group>"; };
		15BCA7472B974D73006A58C0 /* Base */ = {isa = PBXFileReference; lastKnownFileType = file.storyboard; name = Base; path = Base.lproj/LaunchScreen.storyboard; sourceTree = "<group>"; };
		15BCA7492B974D73006A58C0 /* Info.plist */ = {isa = PBXFileReference; lastKnownFileType = text.plist.xml; path = Info.plist; sourceTree = "<group>"; };
		15BCA7542B974DD7006A58C0 /* ToDoShared.framework */ = {isa = PBXFileReference; explicitFileType = wrapper.framework; includeInIndex = 0; path = ToDoShared.framework; sourceTree = BUILT_PRODUCTS_DIR; };
		15BCA7562B974DD7006A58C0 /* ToDoShared.h */ = {isa = PBXFileReference; lastKnownFileType = sourcecode.c.h; path = ToDoShared.h; sourceTree = "<group>"; };
		15BCA75B2B974DD7006A58C0 /* ToDoSharedTests.xctest */ = {isa = PBXFileReference; explicitFileType = wrapper.cfbundle; includeInIndex = 0; path = ToDoSharedTests.xctest; sourceTree = BUILT_PRODUCTS_DIR; };
		15BCA7702B97726F006A58C0 /* TreeNode.m */ = {isa = PBXFileReference; lastKnownFileType = sourcecode.c.objc; path = TreeNode.m; sourceTree = "<group>"; };
		15FEC2EB2B9781A600BD8597 /* ToDoListService.m */ = {isa = PBXFileReference; lastKnownFileType = sourcecode.c.objc; path = ToDoListService.m; sourceTree = "<group>"; };
		15FEC2ED2B97828E00BD8597 /* TreeNode.h */ = {isa = PBXFileReference; lastKnownFileType = sourcecode.c.h; path = TreeNode.h; sourceTree = "<group>"; };
		15FEC2EE2B9782E300BD8597 /* ToDoListService.h */ = {isa = PBXFileReference; lastKnownFileType = sourcecode.c.h; path = ToDoListService.h; sourceTree = "<group>"; };
		15FEC2EF2B978E7B00BD8597 /* ToDoViewModel.swift */ = {isa = PBXFileReference; lastKnownFileType = sourcecode.swift; path = ToDoViewModel.swift; sourceTree = "<group>"; };
		15FEC2F82B9799AD00BD8597 /* EditToDoItemViewController.swift */ = {isa = PBXFileReference; lastKnownFileType = sourcecode.swift; path = EditToDoItemViewController.swift; sourceTree = "<group>"; };
		15FEC2FA2B97C97E00BD8597 /* EditToDoItemViewModel.swift */ = {isa = PBXFileReference; lastKnownFileType = sourcecode.swift; path = EditToDoItemViewModel.swift; sourceTree = "<group>"; };
		15FEC2FC2B98DFC500BD8597 /* ToDoListItemTableViewCell.swift */ = {isa = PBXFileReference; lastKnownFileType = sourcecode.swift; path = ToDoListItemTableViewCell.swift; sourceTree = "<group>"; };
		15FEC2FE2B9C8C2000BD8597 /* ToDoListRepository.m */ = {isa = PBXFileReference; lastKnownFileType = sourcecode.c.objc; path = ToDoListRepository.m; sourceTree = "<group>"; };
		15FEC3002B9C8C2E00BD8597 /* ToDoListRepository.h */ = {isa = PBXFileReference; lastKnownFileType = sourcecode.c.h; path = ToDoListRepository.h; sourceTree = "<group>"; };
		15FEC3012B9C8DEE00BD8597 /* ToDoListJSONDataSource.h */ = {isa = PBXFileReference; lastKnownFileType = sourcecode.c.h; path = ToDoListJSONDataSource.h; sourceTree = "<group>"; };
		15FEC3022B9C8E3A00BD8597 /* ToDoListJSONDataSource.m */ = {isa = PBXFileReference; lastKnownFileType = sourcecode.c.objc; path = ToDoListJSONDataSource.m; sourceTree = "<group>"; };
/* End PBXFileReference section */

/* Begin PBXFrameworksBuildPhase section */
		15BCA7352B974D71006A58C0 /* Frameworks */ = {
			isa = PBXFrameworksBuildPhase;
			buildActionMask = 2147483647;
			files = (
				15BCA7672B974DD7006A58C0 /* ToDoShared.framework in Frameworks */,
			);
			runOnlyForDeploymentPostprocessing = 0;
		};
		15BCA7512B974DD7006A58C0 /* Frameworks */ = {
			isa = PBXFrameworksBuildPhase;
			buildActionMask = 2147483647;
			files = (
			);
			runOnlyForDeploymentPostprocessing = 0;
		};
		15BCA7582B974DD7006A58C0 /* Frameworks */ = {
			isa = PBXFrameworksBuildPhase;
			buildActionMask = 2147483647;
			files = (
				15BCA75C2B974DD7006A58C0 /* ToDoShared.framework in Frameworks */,
			);
			runOnlyForDeploymentPostprocessing = 0;
		};
/* End PBXFrameworksBuildPhase section */

/* Begin PBXGroup section */
		155FD5082B9DF63800604788 /* Modules */ = {
			isa = PBXGroup;
			children = (
				155FD50A2B9DF65300604788 /* EditToDo */,
				155FD5092B9DF64600604788 /* ToDo */,
			);
			path = Modules;
			sourceTree = "<group>";
		};
		155FD5092B9DF64600604788 /* ToDo */ = {
			isa = PBXGroup;
			children = (
				155FD50D2B9DF68600604788 /* Presentation */,
			);
			path = ToDo;
			sourceTree = "<group>";
		};
		155FD50A2B9DF65300604788 /* EditToDo */ = {
			isa = PBXGroup;
			children = (
				155FD50E2B9DF6A100604788 /* View */,
				155FD50F2B9DF6AA00604788 /* ViewModel */,
			);
			path = EditToDo;
			sourceTree = "<group>";
		};
		155FD50B2B9DF67600604788 /* View */ = {
			isa = PBXGroup;
			children = (
				15BCA73F2B974D71006A58C0 /* ToDoListViewController.swift */,
				15FEC2FC2B98DFC500BD8597 /* ToDoListItemTableViewCell.swift */,
			);
			path = View;
			sourceTree = "<group>";
		};
		155FD50C2B9DF67E00604788 /* ViewModel */ = {
			isa = PBXGroup;
			children = (
				15FEC2EF2B978E7B00BD8597 /* ToDoViewModel.swift */,
			);
			path = ViewModel;
			sourceTree = "<group>";
		};
		155FD50D2B9DF68600604788 /* Presentation */ = {
			isa = PBXGroup;
			children = (
				155FD50B2B9DF67600604788 /* View */,
				155FD50C2B9DF67E00604788 /* ViewModel */,
			);
			path = Presentation;
			sourceTree = "<group>";
		};
		155FD50E2B9DF6A100604788 /* View */ = {
			isa = PBXGroup;
			children = (
				15FEC2F82B9799AD00BD8597 /* EditToDoItemViewController.swift */,
			);
			path = View;
			sourceTree = "<group>";
		};
		155FD50F2B9DF6AA00604788 /* ViewModel */ = {
			isa = PBXGroup;
			children = (
				15FEC2FA2B97C97E00BD8597 /* EditToDoItemViewModel.swift */,
			);
			path = ViewModel;
			sourceTree = "<group>";
		};
		155FD5102B9DF6D500604788 /* Application */ = {
			isa = PBXGroup;
			children = (
				15BCA73B2B974D71006A58C0 /* AppDelegate.swift */,
				15BCA73D2B974D71006A58C0 /* SceneDelegate.swift */,
			);
			path = Application;
			sourceTree = "<group>";
		};
		15BCA72F2B974D71006A58C0 = {
			isa = PBXGroup;
			children = (
				15BCA73A2B974D71006A58C0 /* ToDo */,
				15BCA7552B974DD7006A58C0 /* ToDoShared */,
				15BCA7612B974DD7006A58C0 /* ToDoSharedTests */,
				15BCA7392B974D71006A58C0 /* Products */,
			);
			sourceTree = "<group>";
		};
		15BCA7392B974D71006A58C0 /* Products */ = {
			isa = PBXGroup;
			children = (
				15BCA7382B974D71006A58C0 /* ToDo.app */,
				15BCA7542B974DD7006A58C0 /* ToDoShared.framework */,
				15BCA75B2B974DD7006A58C0 /* ToDoSharedTests.xctest */,
			);
			name = Products;
			sourceTree = "<group>";
		};
		15BCA73A2B974D71006A58C0 /* ToDo */ = {
			isa = PBXGroup;
			children = (
				155FD5102B9DF6D500604788 /* Application */,
				155FD5082B9DF63800604788 /* Modules */,
				15BCA7412B974D71006A58C0 /* Main.storyboard */,
				15BCA7442B974D73006A58C0 /* Assets.xcassets */,
				15BCA7462B974D73006A58C0 /* LaunchScreen.storyboard */,
				15BCA7492B974D73006A58C0 /* Info.plist */,
			);
			path = ToDo;
			sourceTree = "<group>";
		};
		15BCA7552B974DD7006A58C0 /* ToDoShared */ = {
			isa = PBXGroup;
			children = (
				15BCA7562B974DD7006A58C0 /* ToDoShared.h */,
				15FEC2ED2B97828E00BD8597 /* TreeNode.h */,
				15BCA7702B97726F006A58C0 /* TreeNode.m */,
				15FEC2EE2B9782E300BD8597 /* ToDoListService.h */,
				15FEC2EB2B9781A600BD8597 /* ToDoListService.m */,
				15FEC3002B9C8C2E00BD8597 /* ToDoListRepository.h */,
				15FEC2FE2B9C8C2000BD8597 /* ToDoListRepository.m */,
				15FEC3012B9C8DEE00BD8597 /* ToDoListJSONDataSource.h */,
				15FEC3022B9C8E3A00BD8597 /* ToDoListJSONDataSource.m */,
			);
			path = ToDoShared;
			sourceTree = "<group>";
		};
		15BCA7612B974DD7006A58C0 /* ToDoSharedTests */ = {
			isa = PBXGroup;
			children = (
				155FD5192B9E402600604788 /* ToDoListServiceTests.swift */,
			);
			path = ToDoSharedTests;
			sourceTree = "<group>";
		};
/* End PBXGroup section */

/* Begin PBXHeadersBuildPhase section */
		15BCA74F2B974DD7006A58C0 /* Headers */ = {
			isa = PBXHeadersBuildPhase;
			buildActionMask = 2147483647;
			files = (
				155FD51B2B9E463800604788 /* ToDoListRepository.h in Headers */,
				15FEC2F22B9792B500BD8597 /* ToDoListService.h in Headers */,
				155FD51C2B9E5AD300604788 /* ToDoListJSONDataSource.h in Headers */,
				15FEC2F32B9792E700BD8597 /* TreeNode.h in Headers */,
				15BCA7642B974DD7006A58C0 /* ToDoShared.h in Headers */,
			);
			runOnlyForDeploymentPostprocessing = 0;
		};
/* End PBXHeadersBuildPhase section */

/* Begin PBXNativeTarget section */
		15BCA7372B974D71006A58C0 /* ToDo */ = {
			isa = PBXNativeTarget;
			buildConfigurationList = 15BCA74C2B974D73006A58C0 /* Build configuration list for PBXNativeTarget "ToDo" */;
			buildPhases = (
				15BCA7342B974D71006A58C0 /* Sources */,
				15BCA7352B974D71006A58C0 /* Frameworks */,
				15BCA7362B974D71006A58C0 /* Resources */,
				15BCA76C2B974DD7006A58C0 /* Embed Frameworks */,
			);
			buildRules = (
			);
			dependencies = (
				15BCA7662B974DD7006A58C0 /* PBXTargetDependency */,
			);
			name = ToDo;
			productName = ToDo;
			productReference = 15BCA7382B974D71006A58C0 /* ToDo.app */;
			productType = "com.apple.product-type.application";
		};
		15BCA7532B974DD7006A58C0 /* ToDoShared */ = {
			isa = PBXNativeTarget;
			buildConfigurationList = 15BCA7692B974DD7006A58C0 /* Build configuration list for PBXNativeTarget "ToDoShared" */;
			buildPhases = (
				15BCA74F2B974DD7006A58C0 /* Headers */,
				15BCA7502B974DD7006A58C0 /* Sources */,
				15BCA7512B974DD7006A58C0 /* Frameworks */,
				15BCA7522B974DD7006A58C0 /* Resources */,
			);
			buildRules = (
			);
			dependencies = (
			);
			name = ToDoShared;
			productName = ToDoShared;
			productReference = 15BCA7542B974DD7006A58C0 /* ToDoShared.framework */;
			productType = "com.apple.product-type.framework";
		};
		15BCA75A2B974DD7006A58C0 /* ToDoSharedTests */ = {
			isa = PBXNativeTarget;
			buildConfigurationList = 15BCA76D2B974DD7006A58C0 /* Build configuration list for PBXNativeTarget "ToDoSharedTests" */;
			buildPhases = (
				15BCA7572B974DD7006A58C0 /* Sources */,
				15BCA7582B974DD7006A58C0 /* Frameworks */,
				15BCA7592B974DD7006A58C0 /* Resources */,
			);
			buildRules = (
			);
			dependencies = (
				15BCA75E2B974DD7006A58C0 /* PBXTargetDependency */,
				15BCA7602B974DD7006A58C0 /* PBXTargetDependency */,
			);
			name = ToDoSharedTests;
			productName = ToDoSharedTests;
			productReference = 15BCA75B2B974DD7006A58C0 /* ToDoSharedTests.xctest */;
			productType = "com.apple.product-type.bundle.unit-test";
		};
/* End PBXNativeTarget section */

/* Begin PBXProject section */
		15BCA7302B974D71006A58C0 /* Project object */ = {
			isa = PBXProject;
			attributes = {
				BuildIndependentTargetsInParallel = 1;
				LastSwiftUpdateCheck = 1510;
				LastUpgradeCheck = 1510;
				TargetAttributes = {
					15BCA7372B974D71006A58C0 = {
						CreatedOnToolsVersion = 15.1;
					};
					15BCA7532B974DD7006A58C0 = {
						CreatedOnToolsVersion = 15.1;
					};
					15BCA75A2B974DD7006A58C0 = {
						CreatedOnToolsVersion = 15.1;
						LastSwiftMigration = 1510;
						TestTargetID = 15BCA7372B974D71006A58C0;
					};
				};
			};
			buildConfigurationList = 15BCA7332B974D71006A58C0 /* Build configuration list for PBXProject "ToDo" */;
			compatibilityVersion = "Xcode 14.0";
			developmentRegion = en;
			hasScannedForEncodings = 0;
			knownRegions = (
				en,
				Base,
			);
			mainGroup = 15BCA72F2B974D71006A58C0;
			productRefGroup = 15BCA7392B974D71006A58C0 /* Products */;
			projectDirPath = "";
			projectRoot = "";
			targets = (
				15BCA7372B974D71006A58C0 /* ToDo */,
				15BCA7532B974DD7006A58C0 /* ToDoShared */,
				15BCA75A2B974DD7006A58C0 /* ToDoSharedTests */,
			);
		};
/* End PBXProject section */

/* Begin PBXResourcesBuildPhase section */
		15BCA7362B974D71006A58C0 /* Resources */ = {
			isa = PBXResourcesBuildPhase;
			buildActionMask = 2147483647;
			files = (
				15BCA7482B974D73006A58C0 /* LaunchScreen.storyboard in Resources */,
				15BCA7452B974D73006A58C0 /* Assets.xcassets in Resources */,
				15BCA7432B974D71006A58C0 /* Main.storyboard in Resources */,
			);
			runOnlyForDeploymentPostprocessing = 0;
		};
		15BCA7522B974DD7006A58C0 /* Resources */ = {
			isa = PBXResourcesBuildPhase;
			buildActionMask = 2147483647;
			files = (
			);
			runOnlyForDeploymentPostprocessing = 0;
		};
		15BCA7592B974DD7006A58C0 /* Resources */ = {
			isa = PBXResourcesBuildPhase;
			buildActionMask = 2147483647;
			files = (
			);
			runOnlyForDeploymentPostprocessing = 0;
		};
/* End PBXResourcesBuildPhase section */

/* Begin PBXSourcesBuildPhase section */
		15BCA7342B974D71006A58C0 /* Sources */ = {
			isa = PBXSourcesBuildPhase;
			buildActionMask = 2147483647;
			files = (
				15FEC2FD2B98DFC500BD8597 /* ToDoListItemTableViewCell.swift in Sources */,
				15FEC2F02B978E7B00BD8597 /* ToDoViewModel.swift in Sources */,
				15FEC2FB2B97C97E00BD8597 /* EditToDoItemViewModel.swift in Sources */,
				15BCA7402B974D71006A58C0 /* ToDoListViewController.swift in Sources */,
				15BCA73C2B974D71006A58C0 /* AppDelegate.swift in Sources */,
				15BCA73E2B974D71006A58C0 /* SceneDelegate.swift in Sources */,
				15FEC2F92B9799AD00BD8597 /* EditToDoItemViewController.swift in Sources */,
			);
			runOnlyForDeploymentPostprocessing = 0;
		};
		15BCA7502B974DD7006A58C0 /* Sources */ = {
			isa = PBXSourcesBuildPhase;
			buildActionMask = 2147483647;
			files = (
				15BCA7712B97726F006A58C0 /* TreeNode.m in Sources */,
				15FEC2EC2B9781A600BD8597 /* ToDoListService.m in Sources */,
				15FEC3032B9C8E3A00BD8597 /* ToDoListJSONDataSource.m in Sources */,
				15FEC2FF2B9C8C2000BD8597 /* ToDoListRepository.m in Sources */,
			);
			runOnlyForDeploymentPostprocessing = 0;
		};
		15BCA7572B974DD7006A58C0 /* Sources */ = {
			isa = PBXSourcesBuildPhase;
			buildActionMask = 2147483647;
			files = (
				155FD51A2B9E402600604788 /* ToDoListServiceTests.swift in Sources */,
			);
			runOnlyForDeploymentPostprocessing = 0;
		};
/* End PBXSourcesBuildPhase section */

/* Begin PBXTargetDependency section */
		15BCA75E2B974DD7006A58C0 /* PBXTargetDependency */ = {
			isa = PBXTargetDependency;
			target = 15BCA7532B974DD7006A58C0 /* ToDoShared */;
			targetProxy = 15BCA75D2B974DD7006A58C0 /* PBXContainerItemProxy */;
		};
		15BCA7602B974DD7006A58C0 /* PBXTargetDependency */ = {
			isa = PBXTargetDependency;
			target = 15BCA7372B974D71006A58C0 /* ToDo */;
			targetProxy = 15BCA75F2B974DD7006A58C0 /* PBXContainerItemProxy */;
		};
		15BCA7662B974DD7006A58C0 /* PBXTargetDependency */ = {
			isa = PBXTargetDependency;
			target = 15BCA7532B974DD7006A58C0 /* ToDoShared */;
			targetProxy = 15BCA7652B974DD7006A58C0 /* PBXContainerItemProxy */;
		};
/* End PBXTargetDependency section */

/* Begin PBXVariantGroup section */
		15BCA7412B974D71006A58C0 /* Main.storyboard */ = {
			isa = PBXVariantGroup;
			children = (
				15BCA7422B974D71006A58C0 /* Base */,
			);
			name = Main.storyboard;
			sourceTree = "<group>";
		};
		15BCA7462B974D73006A58C0 /* LaunchScreen.storyboard */ = {
			isa = PBXVariantGroup;
			children = (
				15BCA7472B974D73006A58C0 /* Base */,
			);
			name = LaunchScreen.storyboard;
			sourceTree = "<group>";
		};
/* End PBXVariantGroup section */

/* Begin XCBuildConfiguration section */
		15BCA74A2B974D73006A58C0 /* Debug */ = {
			isa = XCBuildConfiguration;
			buildSettings = {
				ALWAYS_SEARCH_USER_PATHS = NO;
				ASSETCATALOG_COMPILER_GENERATE_SWIFT_ASSET_SYMBOL_EXTENSIONS = YES;
				CLANG_ANALYZER_NONNULL = YES;
				CLANG_ANALYZER_NUMBER_OBJECT_CONVERSION = YES_AGGRESSIVE;
				CLANG_CXX_LANGUAGE_STANDARD = "gnu++20";
				CLANG_ENABLE_MODULES = YES;
				CLANG_ENABLE_OBJC_ARC = YES;
				CLANG_ENABLE_OBJC_WEAK = YES;
				CLANG_WARN_BLOCK_CAPTURE_AUTORELEASING = YES;
				CLANG_WARN_BOOL_CONVERSION = YES;
				CLANG_WARN_COMMA = YES;
				CLANG_WARN_CONSTANT_CONVERSION = YES;
				CLANG_WARN_DEPRECATED_OBJC_IMPLEMENTATIONS = YES;
				CLANG_WARN_DIRECT_OBJC_ISA_USAGE = YES_ERROR;
				CLANG_WARN_DOCUMENTATION_COMMENTS = YES;
				CLANG_WARN_EMPTY_BODY = YES;
				CLANG_WARN_ENUM_CONVERSION = YES;
				CLANG_WARN_INFINITE_RECURSION = YES;
				CLANG_WARN_INT_CONVERSION = YES;
				CLANG_WARN_NON_LITERAL_NULL_CONVERSION = YES;
				CLANG_WARN_OBJC_IMPLICIT_RETAIN_SELF = YES;
				CLANG_WARN_OBJC_LITERAL_CONVERSION = YES;
				CLANG_WARN_OBJC_ROOT_CLASS = YES_ERROR;
				CLANG_WARN_QUOTED_INCLUDE_IN_FRAMEWORK_HEADER = YES;
				CLANG_WARN_RANGE_LOOP_ANALYSIS = YES;
				CLANG_WARN_STRICT_PROTOTYPES = YES;
				CLANG_WARN_SUSPICIOUS_MOVE = YES;
				CLANG_WARN_UNGUARDED_AVAILABILITY = YES_AGGRESSIVE;
				CLANG_WARN_UNREACHABLE_CODE = YES;
				CLANG_WARN__DUPLICATE_METHOD_MATCH = YES;
				COPY_PHASE_STRIP = NO;
				DEBUG_INFORMATION_FORMAT = dwarf;
				ENABLE_STRICT_OBJC_MSGSEND = YES;
				ENABLE_TESTABILITY = YES;
				ENABLE_USER_SCRIPT_SANDBOXING = YES;
				GCC_C_LANGUAGE_STANDARD = gnu17;
				GCC_DYNAMIC_NO_PIC = NO;
				GCC_NO_COMMON_BLOCKS = YES;
				GCC_OPTIMIZATION_LEVEL = 0;
				GCC_PREPROCESSOR_DEFINITIONS = (
					"DEBUG=1",
					"$(inherited)",
				);
				GCC_WARN_64_TO_32_BIT_CONVERSION = YES;
				GCC_WARN_ABOUT_RETURN_TYPE = YES_ERROR;
				GCC_WARN_UNDECLARED_SELECTOR = YES;
				GCC_WARN_UNINITIALIZED_AUTOS = YES_AGGRESSIVE;
				GCC_WARN_UNUSED_FUNCTION = YES;
				GCC_WARN_UNUSED_VARIABLE = YES;
				IPHONEOS_DEPLOYMENT_TARGET = 17.2;
				LOCALIZATION_PREFERS_STRING_CATALOGS = YES;
				MTL_ENABLE_DEBUG_INFO = INCLUDE_SOURCE;
				MTL_FAST_MATH = YES;
				ONLY_ACTIVE_ARCH = YES;
				SDKROOT = iphoneos;
				SWIFT_ACTIVE_COMPILATION_CONDITIONS = "DEBUG $(inherited)";
				SWIFT_OPTIMIZATION_LEVEL = "-Onone";
			};
			name = Debug;
		};
		15BCA74B2B974D73006A58C0 /* Release */ = {
			isa = XCBuildConfiguration;
			buildSettings = {
				ALWAYS_SEARCH_USER_PATHS = NO;
				ASSETCATALOG_COMPILER_GENERATE_SWIFT_ASSET_SYMBOL_EXTENSIONS = YES;
				CLANG_ANALYZER_NONNULL = YES;
				CLANG_ANALYZER_NUMBER_OBJECT_CONVERSION = YES_AGGRESSIVE;
				CLANG_CXX_LANGUAGE_STANDARD = "gnu++20";
				CLANG_ENABLE_MODULES = YES;
				CLANG_ENABLE_OBJC_ARC = YES;
				CLANG_ENABLE_OBJC_WEAK = YES;
				CLANG_WARN_BLOCK_CAPTURE_AUTORELEASING = YES;
				CLANG_WARN_BOOL_CONVERSION = YES;
				CLANG_WARN_COMMA = YES;
				CLANG_WARN_CONSTANT_CONVERSION = YES;
				CLANG_WARN_DEPRECATED_OBJC_IMPLEMENTATIONS = YES;
				CLANG_WARN_DIRECT_OBJC_ISA_USAGE = YES_ERROR;
				CLANG_WARN_DOCUMENTATION_COMMENTS = YES;
				CLANG_WARN_EMPTY_BODY = YES;
				CLANG_WARN_ENUM_CONVERSION = YES;
				CLANG_WARN_INFINITE_RECURSION = YES;
				CLANG_WARN_INT_CONVERSION = YES;
				CLANG_WARN_NON_LITERAL_NULL_CONVERSION = YES;
				CLANG_WARN_OBJC_IMPLICIT_RETAIN_SELF = YES;
				CLANG_WARN_OBJC_LITERAL_CONVERSION = YES;
				CLANG_WARN_OBJC_ROOT_CLASS = YES_ERROR;
				CLANG_WARN_QUOTED_INCLUDE_IN_FRAMEWORK_HEADER = YES;
				CLANG_WARN_RANGE_LOOP_ANALYSIS = YES;
				CLANG_WARN_STRICT_PROTOTYPES = YES;
				CLANG_WARN_SUSPICIOUS_MOVE = YES;
				CLANG_WARN_UNGUARDED_AVAILABILITY = YES_AGGRESSIVE;
				CLANG_WARN_UNREACHABLE_CODE = YES;
				CLANG_WARN__DUPLICATE_METHOD_MATCH = YES;
				COPY_PHASE_STRIP = NO;
				DEBUG_INFORMATION_FORMAT = "dwarf-with-dsym";
				ENABLE_NS_ASSERTIONS = NO;
				ENABLE_STRICT_OBJC_MSGSEND = YES;
				ENABLE_USER_SCRIPT_SANDBOXING = YES;
				GCC_C_LANGUAGE_STANDARD = gnu17;
				GCC_NO_COMMON_BLOCKS = YES;
				GCC_WARN_64_TO_32_BIT_CONVERSION = YES;
				GCC_WARN_ABOUT_RETURN_TYPE = YES_ERROR;
				GCC_WARN_UNDECLARED_SELECTOR = YES;
				GCC_WARN_UNINITIALIZED_AUTOS = YES_AGGRESSIVE;
				GCC_WARN_UNUSED_FUNCTION = YES;
				GCC_WARN_UNUSED_VARIABLE = YES;
				IPHONEOS_DEPLOYMENT_TARGET = 17.2;
				LOCALIZATION_PREFERS_STRING_CATALOGS = YES;
				MTL_ENABLE_DEBUG_INFO = NO;
				MTL_FAST_MATH = YES;
				SDKROOT = iphoneos;
				SWIFT_COMPILATION_MODE = wholemodule;
				VALIDATE_PRODUCT = YES;
			};
			name = Release;
		};
		15BCA74D2B974D73006A58C0 /* Debug */ = {
			isa = XCBuildConfiguration;
			buildSettings = {
				ASSETCATALOG_COMPILER_APPICON_NAME = AppIcon;
				ASSETCATALOG_COMPILER_GLOBAL_ACCENT_COLOR_NAME = AccentColor;
				CODE_SIGN_STYLE = Automatic;
				CURRENT_PROJECT_VERSION = 1;
				GENERATE_INFOPLIST_FILE = YES;
				INFOPLIST_FILE = ToDo/Info.plist;
				INFOPLIST_KEY_UIApplicationSupportsIndirectInputEvents = YES;
				INFOPLIST_KEY_UILaunchStoryboardName = LaunchScreen;
				INFOPLIST_KEY_UIMainStoryboardFile = Main;
				INFOPLIST_KEY_UISupportedInterfaceOrientations_iPad = "UIInterfaceOrientationPortrait UIInterfaceOrientationPortraitUpsideDown UIInterfaceOrientationLandscapeLeft UIInterfaceOrientationLandscapeRight";
				INFOPLIST_KEY_UISupportedInterfaceOrientations_iPhone = "UIInterfaceOrientationPortrait UIInterfaceOrientationLandscapeLeft UIInterfaceOrientationLandscapeRight";
				LD_RUNPATH_SEARCH_PATHS = (
					"$(inherited)",
					"@executable_path/Frameworks",
				);
				MARKETING_VERSION = 1.0;
				PRODUCT_BUNDLE_IDENTIFIER = com.pankajapps.ToDo;
				PRODUCT_NAME = "$(TARGET_NAME)";
				SWIFT_EMIT_LOC_STRINGS = YES;
				SWIFT_OBJC_BRIDGING_HEADER = "";
				SWIFT_VERSION = 5.0;
				TARGETED_DEVICE_FAMILY = "1,2";
			};
			name = Debug;
		};
		15BCA74E2B974D73006A58C0 /* Release */ = {
			isa = XCBuildConfiguration;
			buildSettings = {
				ASSETCATALOG_COMPILER_APPICON_NAME = AppIcon;
				ASSETCATALOG_COMPILER_GLOBAL_ACCENT_COLOR_NAME = AccentColor;
				CODE_SIGN_STYLE = Automatic;
				CURRENT_PROJECT_VERSION = 1;
				GENERATE_INFOPLIST_FILE = YES;
				INFOPLIST_FILE = ToDo/Info.plist;
				INFOPLIST_KEY_UIApplicationSupportsIndirectInputEvents = YES;
				INFOPLIST_KEY_UILaunchStoryboardName = LaunchScreen;
				INFOPLIST_KEY_UIMainStoryboardFile = Main;
				INFOPLIST_KEY_UISupportedInterfaceOrientations_iPad = "UIInterfaceOrientationPortrait UIInterfaceOrientationPortraitUpsideDown UIInterfaceOrientationLandscapeLeft UIInterfaceOrientationLandscapeRight";
				INFOPLIST_KEY_UISupportedInterfaceOrientations_iPhone = "UIInterfaceOrientationPortrait UIInterfaceOrientationLandscapeLeft UIInterfaceOrientationLandscapeRight";
				LD_RUNPATH_SEARCH_PATHS = (
					"$(inherited)",
					"@executable_path/Frameworks",
				);
				MARKETING_VERSION = 1.0;
				PRODUCT_BUNDLE_IDENTIFIER = com.pankajapps.ToDo;
				PRODUCT_NAME = "$(TARGET_NAME)";
				SWIFT_EMIT_LOC_STRINGS = YES;
				SWIFT_OBJC_BRIDGING_HEADER = "";
				SWIFT_VERSION = 5.0;
				TARGETED_DEVICE_FAMILY = "1,2";
			};
			name = Release;
		};
		15BCA76A2B974DD7006A58C0 /* Debug */ = {
			isa = XCBuildConfiguration;
			buildSettings = {
				CLANG_ENABLE_OBJC_ARC = NO;
				CODE_SIGN_STYLE = Automatic;
				CURRENT_PROJECT_VERSION = 1;
				DEFINES_MODULE = YES;
				DYLIB_COMPATIBILITY_VERSION = 1;
				DYLIB_CURRENT_VERSION = 1;
				DYLIB_INSTALL_NAME_BASE = "@rpath";
				ENABLE_MODULE_VERIFIER = YES;
				GCC_NO_COMMON_BLOCKS = NO;
				GENERATE_INFOPLIST_FILE = YES;
				INFOPLIST_KEY_NSHumanReadableCopyright = "";
				INSTALL_PATH = "$(LOCAL_LIBRARY_DIR)/Frameworks";
				LD_RUNPATH_SEARCH_PATHS = (
					"$(inherited)",
					"@executable_path/Frameworks",
					"@loader_path/Frameworks",
				);
				MARKETING_VERSION = 1.0;
				MODULE_VERIFIER_SUPPORTED_LANGUAGES = "objective-c objective-c++";
				MODULE_VERIFIER_SUPPORTED_LANGUAGE_STANDARDS = "gnu17 gnu++20";
				PRODUCT_BUNDLE_IDENTIFIER = com.pankajapps.ToDoShared;
				PRODUCT_NAME = "$(TARGET_NAME:c99extidentifier)";
				SKIP_INSTALL = YES;
				SWIFT_EMIT_LOC_STRINGS = YES;
				TARGETED_DEVICE_FAMILY = "1,2";
				VERSIONING_SYSTEM = "apple-generic";
				VERSION_INFO_PREFIX = "";
			};
			name = Debug;
		};
		15BCA76B2B974DD7006A58C0 /* Release */ = {
			isa = XCBuildConfiguration;
			buildSettings = {
				CLANG_ENABLE_OBJC_ARC = NO;
				CODE_SIGN_STYLE = Automatic;
				CURRENT_PROJECT_VERSION = 1;
				DEFINES_MODULE = YES;
				DYLIB_COMPATIBILITY_VERSION = 1;
				DYLIB_CURRENT_VERSION = 1;
				DYLIB_INSTALL_NAME_BASE = "@rpath";
				ENABLE_MODULE_VERIFIER = YES;
				GCC_NO_COMMON_BLOCKS = NO;
				GENERATE_INFOPLIST_FILE = YES;
				INFOPLIST_KEY_NSHumanReadableCopyright = "";
				INSTALL_PATH = "$(LOCAL_LIBRARY_DIR)/Frameworks";
				LD_RUNPATH_SEARCH_PATHS = (
					"$(inherited)",
					"@executable_path/Frameworks",
					"@loader_path/Frameworks",
				);
				MARKETING_VERSION = 1.0;
				MODULE_VERIFIER_SUPPORTED_LANGUAGES = "objective-c objective-c++";
				MODULE_VERIFIER_SUPPORTED_LANGUAGE_STANDARDS = "gnu17 gnu++20";
				PRODUCT_BUNDLE_IDENTIFIER = com.pankajapps.ToDoShared;
				PRODUCT_NAME = "$(TARGET_NAME:c99extidentifier)";
				SKIP_INSTALL = YES;
				SWIFT_EMIT_LOC_STRINGS = YES;
				TARGETED_DEVICE_FAMILY = "1,2";
				VERSIONING_SYSTEM = "apple-generic";
				VERSION_INFO_PREFIX = "";
			};
			name = Release;
		};
		15BCA76E2B974DD7006A58C0 /* Debug */ = {
			isa = XCBuildConfiguration;
			buildSettings = {
				ALWAYS_EMBED_SWIFT_STANDARD_LIBRARIES = YES;
				CLANG_ENABLE_MODULES = YES;
				CODE_SIGN_STYLE = Automatic;
				CURRENT_PROJECT_VERSION = 1;
				GENERATE_INFOPLIST_FILE = YES;
				MARKETING_VERSION = 1.0;
				PRODUCT_BUNDLE_IDENTIFIER = com.pankajapps.ToDoSharedTests;
				PRODUCT_NAME = "$(TARGET_NAME)";
				SWIFT_EMIT_LOC_STRINGS = NO;
				SWIFT_OBJC_BRIDGING_HEADER = "ToDoSharedTests/ToDoSharedTests-Bridging-Header.h";
				SWIFT_OPTIMIZATION_LEVEL = "-Onone";
				SWIFT_VERSION = 5.0;
				TARGETED_DEVICE_FAMILY = "1,2";
				TEST_HOST = "$(BUILT_PRODUCTS_DIR)/ToDo.app/$(BUNDLE_EXECUTABLE_FOLDER_PATH)/ToDo";
			};
			name = Debug;
		};
		15BCA76F2B974DD7006A58C0 /* Release */ = {
			isa = XCBuildConfiguration;
			buildSettings = {
				ALWAYS_EMBED_SWIFT_STANDARD_LIBRARIES = YES;
				CLANG_ENABLE_MODULES = YES;
				CODE_SIGN_STYLE = Automatic;
				CURRENT_PROJECT_VERSION = 1;
				GENERATE_INFOPLIST_FILE = YES;
				MARKETING_VERSION = 1.0;
				PRODUCT_BUNDLE_IDENTIFIER = com.pankajapps.ToDoSharedTests;
				PRODUCT_NAME = "$(TARGET_NAME)";
				SWIFT_EMIT_LOC_STRINGS = NO;
				SWIFT_OBJC_BRIDGING_HEADER = "ToDoSharedTests/ToDoSharedTests-Bridging-Header.h";
				SWIFT_VERSION = 5.0;
				TARGETED_DEVICE_FAMILY = "1,2";
				TEST_HOST = "$(BUILT_PRODUCTS_DIR)/ToDo.app/$(BUNDLE_EXECUTABLE_FOLDER_PATH)/ToDo";
			};
			name = Release;
		};
/* End XCBuildConfiguration section */

/* Begin XCConfigurationList section */
		15BCA7332B974D71006A58C0 /* Build configuration list for PBXProject "ToDo" */ = {
			isa = XCConfigurationList;
			buildConfigurations = (
				15BCA74A2B974D73006A58C0 /* Debug */,
				15BCA74B2B974D73006A58C0 /* Release */,
			);
			defaultConfigurationIsVisible = 0;
			defaultConfigurationName = Release;
		};
		15BCA74C2B974D73006A58C0 /* Build configuration list for PBXNativeTarget "ToDo" */ = {
			isa = XCConfigurationList;
			buildConfigurations = (
				15BCA74D2B974D73006A58C0 /* Debug */,
				15BCA74E2B974D73006A58C0 /* Release */,
			);
			defaultConfigurationIsVisible = 0;
			defaultConfigurationName = Release;
		};
		15BCA7692B974DD7006A58C0 /* Build configuration list for PBXNativeTarget "ToDoShared" */ = {
			isa = XCConfigurationList;
			buildConfigurations = (
				15BCA76A2B974DD7006A58C0 /* Debug */,
				15BCA76B2B974DD7006A58C0 /* Release */,
			);
			defaultConfigurationIsVisible = 0;
			defaultConfigurationName = Release;
		};
		15BCA76D2B974DD7006A58C0 /* Build configuration list for PBXNativeTarget "ToDoSharedTests" */ = {
			isa = XCConfigurationList;
			buildConfigurations = (
				15BCA76E2B974DD7006A58C0 /* Debug */,
				15BCA76F2B974DD7006A58C0 /* Release */,
			);
			defaultConfigurationIsVisible = 0;
			defaultConfigurationName = Release;
		};
/* End XCConfigurationList section */
	};
	rootObject = 15BCA7302B974D71006A58C0 /* Project object */;
}
